<?xml version="1.0" encoding="utf-8"?>
<Project ToolsVersion="4.0" xmlns="http://schemas.microsoft.com/developer/msbuild/2003">
  <ItemGroup>
    <Filter Include="Source Files">
      <UniqueIdentifier>{4FC737F1-C7A5-4376-A066-2A32D752A2FF}</UniqueIdentifier>
      <Extensions>cpp;c;cc;cxx;c++;cppm;ixx;def;odl;idl;hpj;bat;asm;asmx</Extensions>
    </Filter>
    <Filter Include="Header Files">
      <UniqueIdentifier>{93995380-89BD-4b04-88EB-625FBE52EBFB}</UniqueIdentifier>
      <Extensions>h;hh;hpp;hxx;h++;hm;inl;inc;ipp;xsd</Extensions>
    </Filter>
    <Filter Include="Resource Files">
      <UniqueIdentifier>{67DA6AB6-F800-4c08-8B7A-83BB121AAD01}</UniqueIdentifier>
      <Extensions>rc;ico;cur;bmp;dlg;rc2;rct;bin;rgs;gif;jpg;jpeg;jpe;resx;tiff;tif;png;wav;mfcribbon-ms</Extensions>
    </Filter>
  </ItemGroup>
  <ItemGroup>
    <ClCompile Include="sqlite\sqlite3.c">
      <Filter>Source Files</Filter>
    </ClCompile>
    <ClCompile Include="sqlite\shell.c">
      <Filter>Source Files</Filter>
    </ClCompile>
  </ItemGroup>
  <ItemGroup>
    <ClInclude Include="cppcodec\cppcodec-master\cppcodec\base32_crockford.hpp">
      <Filter>Header Files</Filter>
    </ClInclude>
    <ClInclude Include="cppcodec\cppcodec-master\cppcodec\base32_default_crockford.hpp">
      <Filter>Header Files</Filter>
    </ClInclude>
    <ClInclude Include="cppcodec\cppcodec-master\cppcodec\base32_default_hex.hpp">
      <Filter>Header Files</Filter>
    </ClInclude>
    <ClInclude Include="cppcodec\cppcodec-master\cppcodec\base32_default_rfc4648.hpp">
      <Filter>Header Files</Filter>
    </ClInclude>
    <ClInclude Include="cppcodec\cppcodec-master\cppcodec\base32_hex.hpp">
      <Filter>Header Files</Filter>
    </ClInclude>
    <ClInclude Include="cppcodec\cppcodec-master\cppcodec\base32_rfc4648.hpp">
      <Filter>Header Files</Filter>
    </ClInclude>
    <ClInclude Include="cppcodec\cppcodec-master\cppcodec\base64_default_rfc4648.hpp">
      <Filter>Header Files</Filter>
    </ClInclude>
    <ClInclude Include="cppcodec\cppcodec-master\cppcodec\base64_default_url.hpp">
      <Filter>Header Files</Filter>
    </ClInclude>
    <ClInclude Include="cppcodec\cppcodec-master\cppcodec\base64_default_url_unpadded.hpp">
      <Filter>Header Files</Filter>
    </ClInclude>
    <ClInclude Include="cppcodec\cppcodec-master\cppcodec\base64_rfc4648.hpp">
      <Filter>Header Files</Filter>
    </ClInclude>
    <ClInclude Include="cppcodec\cppcodec-master\cppcodec\base64_url.hpp">
      <Filter>Header Files</Filter>
    </ClInclude>
    <ClInclude Include="cppcodec\cppcodec-master\cppcodec\base64_url_unpadded.hpp">
      <Filter>Header Files</Filter>
    </ClInclude>
    <ClInclude Include="cppcodec\cppcodec-master\cppcodec\data\access.hpp">
      <Filter>Header Files</Filter>
    </ClInclude>
    <ClInclude Include="cppcodec\cppcodec-master\cppcodec\data\raw_result_buffer.hpp">
      <Filter>Header Files</Filter>
    </ClInclude>
    <ClInclude Include="cppcodec\cppcodec-master\cppcodec\detail\base32.hpp">
      <Filter>Header Files</Filter>
    </ClInclude>
    <ClInclude Include="cppcodec\cppcodec-master\cppcodec\detail\base64.hpp">
      <Filter>Header Files</Filter>
    </ClInclude>
    <ClInclude Include="cppcodec\cppcodec-master\cppcodec\detail\codec.hpp">
      <Filter>Header Files</Filter>
    </ClInclude>
    <ClInclude Include="cppcodec\cppcodec-master\cppcodec\detail\config.hpp">
      <Filter>Header Files</Filter>
    </ClInclude>
    <ClInclude Include="cppcodec\cppcodec-master\cppcodec\detail\hex.hpp">
      <Filter>Header Files</Filter>
    </ClInclude>
    <ClInclude Include="cppcodec\cppcodec-master\cppcodec\detail\stream_codec.hpp">
      <Filter>Header Files</Filter>
    </ClInclude>
    <ClInclude Include="cppcodec\cppcodec-master\cppcodec\hex_default_lower.hpp">
      <Filter>Header Files</Filter>
    </ClInclude>
    <ClInclude Include="cppcodec\cppcodec-master\cppcodec\hex_default_upper.hpp">
      <Filter>Header Files</Filter>
    </ClInclude>
    <ClInclude Include="cppcodec\cppcodec-master\cppcodec\hex_lower.hpp">
      <Filter>Header Files</Filter>
    </ClInclude>
    <ClInclude Include="cppcodec\cppcodec-master\cppcodec\hex_upper.hpp">
      <Filter>Header Files</Filter>
    </ClInclude>
    <ClInclude Include="cppcodec\cppcodec-master\cppcodec\parse_error.hpp">
      <Filter>Header Files</Filter>
    </ClInclude>
  </ItemGroup>
</Project>